
Microsoft Visual Studio Solution File, Format Version 12.00
# Visual Studio Version 17
VisualStudioVersion = 17.3.32901.215
MinimumVisualStudioVersion = 10.0.40219.1
Project("{2150E333-8FDC-42A3-9474-1A3956D46DE8}") = "src", "src", "{C948B851-CD36-48DD-A9A7-64301439D6D1}"
EndProject
Project("{FAE04EC0-301F-11D3-BF4B-00C04F79EFBC}") = "Domain", "src\Domain\Domain.csproj", "{5EA0932F-50DE-4D9C-A3EB-5B5A02DA6FF6}"
EndProject
Global
	GlobalSection(SolutionConfigurationPlatforms) = preSolution
		Debug|Any CPU = Debug|Any CPU
		Release|Any CPU = Release|Any CPU
	EndGlobalSection
	GlobalSection(ProjectConfigurationPlatforms) = postSolution
		{5EA0932F-50DE-4D9C-A3EB-5B5A02DA6FF6}.Debug|Any CPU.ActiveCfg = Debug|Any CPU
		{5EA0932F-50DE-4D9C-A3EB-5B5A02DA6FF6}.Debug|Any CPU.Build.0 = Debug|Any CPU
		{5EA0932F-50DE-4D9C-A3EB-5B5A02DA6FF6}.Release|Any CPU.ActiveCfg = Release|Any CPU
		{5EA0932F-50DE-4D9C-A3EB-5B5A02DA6FF6}.Release|Any CPU.Build.0 = Release|Any CPU
	EndGlobalSection
	GlobalSection(SolutionProperties) = preSolution
		HideSolutionNode = FALSE
	EndGlobalSection
	GlobalSection(NestedProjects) = preSolution
		{5EA0932F-50DE-4D9C-A3EB-5B5A02DA6FF6} = {C948B851-CD36-48DD-A9A7-64301439D6D1}
	EndGlobalSection
	GlobalSection(ExtensibilityGlobals) = postSolution
		SolutionGuid = {B6388D66-8D3D-4BAD-A7B3-2B62DE6504EF}
	EndGlobalSection
EndGlobal
