
Microsoft Visual Studio Solution File, Format Version 12.00
# Visual Studio Version 17
VisualStudioVersion = 17.3.32901.215
MinimumVisualStudioVersion = 10.0.40219.1
Project("{2150E333-8FDC-42A3-9474-1A3956D46DE8}") = "src", "src", "{C948B851-CD36-48DD-A9A7-64301439D6D1}"
EndProject
Project("{9A19103F-16F7-4668-BE54-9A1E7A4F7556}") = "Squads.Domain", "src\Domain\Squads.Domain.csproj", "{5EA0932F-50DE-4D9C-A3EB-5B5A02DA6FF6}"
EndProject
Project("{2150E333-8FDC-42A3-9474-1A3956D46DE8}") = "tests", "tests", "{FFBA328F-BCBB-421E-A373-2D3B4D979A94}"
EndProject
Project("{9A19103F-16F7-4668-BE54-9A1E7A4F7556}") = "Domain.Tests", "tests\Domain.Tests\Domain.Tests.csproj", "{1C0EAE53-F8CD-4368-9A97-19F0427797B9}"
EndProject
Project("{9A19103F-16F7-4668-BE54-9A1E7A4F7556}") = "Squads.Client", "src\Client\Squads.Client.csproj", "{E4DD29AC-FA3A-41C4-ADA3-71364809E03C}"
EndProject
Project("{9A19103F-16F7-4668-BE54-9A1E7A4F7556}") = "Squads.Server", "src\Server\Squads.Server.csproj", "{644B4A40-E8F7-4E0A-A71E-A00307527140}"
EndProject
Project("{9A19103F-16F7-4668-BE54-9A1E7A4F7556}") = "Squads.Shared", "src\Shared\Squads.Shared.csproj", "{21DC72E4-F9F6-49D3-AD6B-DF7C65D23C1D}"
EndProject
Project("{2150E333-8FDC-42A3-9474-1A3956D46DE8}") = "prototypes", "prototypes", "{AC3DEAD7-1CBD-4B46-B1B8-D546A4C54257}"
EndProject
Project("{2150E333-8FDC-42A3-9474-1A3956D46DE8}") = "FakeAuthenticationPrototype", "FakeAuthenticationPrototype", "{72A9CB84-A314-4785-A1B7-3A3E3C9D1927}"
EndProject
Project("{9A19103F-16F7-4668-BE54-9A1E7A4F7556}") = "FakeAuthenticationPrototype.Server", "prototypes\FakeAuthenticationPrototype\Server\FakeAuthenticationPrototype.Server.csproj", "{8D1213DF-0EA7-49D3-826D-E86F0223BD8F}"
EndProject
Project("{9A19103F-16F7-4668-BE54-9A1E7A4F7556}") = "FakeAuthenticationPrototype.Client", "prototypes\FakeAuthenticationPrototype\Client\FakeAuthenticationPrototype.Client.csproj", "{3EF3060E-1750-4A71-B0E8-CD687D50EA0C}"
EndProject
Global
	GlobalSection(SolutionConfigurationPlatforms) = preSolution
		Debug|Any CPU = Debug|Any CPU
		Release|Any CPU = Release|Any CPU
	EndGlobalSection
	GlobalSection(ProjectConfigurationPlatforms) = postSolution
		{5EA0932F-50DE-4D9C-A3EB-5B5A02DA6FF6}.Debug|Any CPU.ActiveCfg = Debug|Any CPU
		{5EA0932F-50DE-4D9C-A3EB-5B5A02DA6FF6}.Debug|Any CPU.Build.0 = Debug|Any CPU
		{5EA0932F-50DE-4D9C-A3EB-5B5A02DA6FF6}.Release|Any CPU.ActiveCfg = Release|Any CPU
		{5EA0932F-50DE-4D9C-A3EB-5B5A02DA6FF6}.Release|Any CPU.Build.0 = Release|Any CPU
		{1C0EAE53-F8CD-4368-9A97-19F0427797B9}.Debug|Any CPU.ActiveCfg = Debug|Any CPU
		{1C0EAE53-F8CD-4368-9A97-19F0427797B9}.Debug|Any CPU.Build.0 = Debug|Any CPU
		{1C0EAE53-F8CD-4368-9A97-19F0427797B9}.Release|Any CPU.ActiveCfg = Release|Any CPU
		{1C0EAE53-F8CD-4368-9A97-19F0427797B9}.Release|Any CPU.Build.0 = Release|Any CPU
		{E4DD29AC-FA3A-41C4-ADA3-71364809E03C}.Debug|Any CPU.ActiveCfg = Debug|Any CPU
		{E4DD29AC-FA3A-41C4-ADA3-71364809E03C}.Debug|Any CPU.Build.0 = Debug|Any CPU
		{E4DD29AC-FA3A-41C4-ADA3-71364809E03C}.Release|Any CPU.ActiveCfg = Release|Any CPU
		{E4DD29AC-FA3A-41C4-ADA3-71364809E03C}.Release|Any CPU.Build.0 = Release|Any CPU
		{644B4A40-E8F7-4E0A-A71E-A00307527140}.Debug|Any CPU.ActiveCfg = Debug|Any CPU
		{644B4A40-E8F7-4E0A-A71E-A00307527140}.Debug|Any CPU.Build.0 = Debug|Any CPU
		{644B4A40-E8F7-4E0A-A71E-A00307527140}.Release|Any CPU.ActiveCfg = Release|Any CPU
		{644B4A40-E8F7-4E0A-A71E-A00307527140}.Release|Any CPU.Build.0 = Release|Any CPU
		{21DC72E4-F9F6-49D3-AD6B-DF7C65D23C1D}.Debug|Any CPU.ActiveCfg = Debug|Any CPU
		{21DC72E4-F9F6-49D3-AD6B-DF7C65D23C1D}.Debug|Any CPU.Build.0 = Debug|Any CPU
		{21DC72E4-F9F6-49D3-AD6B-DF7C65D23C1D}.Release|Any CPU.ActiveCfg = Release|Any CPU
		{21DC72E4-F9F6-49D3-AD6B-DF7C65D23C1D}.Release|Any CPU.Build.0 = Release|Any CPU
		{8D1213DF-0EA7-49D3-826D-E86F0223BD8F}.Debug|Any CPU.ActiveCfg = Debug|Any CPU
		{8D1213DF-0EA7-49D3-826D-E86F0223BD8F}.Debug|Any CPU.Build.0 = Debug|Any CPU
		{8D1213DF-0EA7-49D3-826D-E86F0223BD8F}.Release|Any CPU.ActiveCfg = Release|Any CPU
		{8D1213DF-0EA7-49D3-826D-E86F0223BD8F}.Release|Any CPU.Build.0 = Release|Any CPU
		{3EF3060E-1750-4A71-B0E8-CD687D50EA0C}.Debug|Any CPU.ActiveCfg = Debug|Any CPU
		{3EF3060E-1750-4A71-B0E8-CD687D50EA0C}.Debug|Any CPU.Build.0 = Debug|Any CPU
		{3EF3060E-1750-4A71-B0E8-CD687D50EA0C}.Release|Any CPU.ActiveCfg = Release|Any CPU
		{3EF3060E-1750-4A71-B0E8-CD687D50EA0C}.Release|Any CPU.Build.0 = Release|Any CPU
	EndGlobalSection
	GlobalSection(SolutionProperties) = preSolution
		HideSolutionNode = FALSE
	EndGlobalSection
	GlobalSection(NestedProjects) = preSolution
		{5EA0932F-50DE-4D9C-A3EB-5B5A02DA6FF6} = {C948B851-CD36-48DD-A9A7-64301439D6D1}
		{1C0EAE53-F8CD-4368-9A97-19F0427797B9} = {FFBA328F-BCBB-421E-A373-2D3B4D979A94}
		{E4DD29AC-FA3A-41C4-ADA3-71364809E03C} = {C948B851-CD36-48DD-A9A7-64301439D6D1}
		{644B4A40-E8F7-4E0A-A71E-A00307527140} = {C948B851-CD36-48DD-A9A7-64301439D6D1}
		{21DC72E4-F9F6-49D3-AD6B-DF7C65D23C1D} = {C948B851-CD36-48DD-A9A7-64301439D6D1}
		{72A9CB84-A314-4785-A1B7-3A3E3C9D1927} = {AC3DEAD7-1CBD-4B46-B1B8-D546A4C54257}
		{8D1213DF-0EA7-49D3-826D-E86F0223BD8F} = {72A9CB84-A314-4785-A1B7-3A3E3C9D1927}
		{3EF3060E-1750-4A71-B0E8-CD687D50EA0C} = {72A9CB84-A314-4785-A1B7-3A3E3C9D1927}
	EndGlobalSection
	GlobalSection(ExtensibilityGlobals) = postSolution
		SolutionGuid = {B6388D66-8D3D-4BAD-A7B3-2B62DE6504EF}
	EndGlobalSection
EndGlobal
